
Microsoft Visual Studio Solution File, Format Version 12.00
# Visual Studio Version 16
VisualStudioVersion = 16.0.30517.126
MinimumVisualStudioVersion = 10.0.40219.1
Project("{9A19103F-16F7-4668-BE54-9A1E7A4F7556}") = "ElaneBoot.Schedule", "src\ElaneBoot.Schedule\ElaneBoot.Schedule.csproj", "{32D43DD1-791D-4704-85BF-2172AA24892D}"
EndProject
Project("{9A19103F-16F7-4668-BE54-9A1E7A4F7556}") = "ElaneZero.Schedule", "src\ElaneZero.Schedule\ElaneZero.Schedule.csproj", "{C894060E-D20D-4C26-ABA9-86BE01B846BC}"
EndProject
Global
	GlobalSection(SolutionConfigurationPlatforms) = preSolution
		Debug|Any CPU = Debug|Any CPU
		Release|Any CPU = Release|Any CPU
	EndGlobalSection
	GlobalSection(ProjectConfigurationPlatforms) = postSolution
		{32D43DD1-791D-4704-85BF-2172AA24892D}.Debug|Any CPU.ActiveCfg = Debug|Any CPU
		{32D43DD1-791D-4704-85BF-2172AA24892D}.Debug|Any CPU.Build.0 = Debug|Any CPU
		{32D43DD1-791D-4704-85BF-2172AA24892D}.Release|Any CPU.ActiveCfg = Release|Any CPU
		{32D43DD1-791D-4704-85BF-2172AA24892D}.Release|Any CPU.Build.0 = Release|Any CPU
		{C894060E-D20D-4C26-ABA9-86BE01B846BC}.Debug|Any CPU.ActiveCfg = Debug|Any CPU
		{C894060E-D20D-4C26-ABA9-86BE01B846BC}.Debug|Any CPU.Build.0 = Debug|Any CPU
		{C894060E-D20D-4C26-ABA9-86BE01B846BC}.Release|Any CPU.ActiveCfg = Release|Any CPU
		{C894060E-D20D-4C26-ABA9-86BE01B846BC}.Release|Any CPU.Build.0 = Release|Any CPU
	EndGlobalSection
	GlobalSection(SolutionProperties) = preSolution
		HideSolutionNode = FALSE
	EndGlobalSection
	GlobalSection(ExtensibilityGlobals) = postSolution
		SolutionGuid = {66906FCC-04B1-4922-9248-775988C444CE}
	EndGlobalSection
EndGlobal
